// !$*UTF8*$!
{
	archiveVersion = 1;
	classes = {
	};
	objectVersion = 46;
	objects = {

/* Begin PBXBuildFile section */
		5B19CD451B1DDF8000A2C450 /* LocaleViewController.swift in Sources */ = {isa = PBXBuildFile; fileRef = 5B19CD441B1DDF8000A2C450 /* LocaleViewController.swift */; };
		5B59A7EF1B11550A00568F19 /* AppDelegate.swift in Sources */ = {isa = PBXBuildFile; fileRef = 5B59A7EE1B11550A00568F19 /* AppDelegate.swift */; };
		5B59A7F11B11550A00568F19 /* ViewController.swift in Sources */ = {isa = PBXBuildFile; fileRef = 5B59A7F01B11550A00568F19 /* ViewController.swift */; };
		5B59A7F41B11550A00568F19 /* Main.storyboard in Resources */ = {isa = PBXBuildFile; fileRef = 5B59A7F21B11550A00568F19 /* Main.storyboard */; };
		5B59A7F61B11550A00568F19 /* Images.xcassets in Resources */ = {isa = PBXBuildFile; fileRef = 5B59A7F51B11550A00568F19 /* Images.xcassets */; };
		5B59A7F91B11550A00568F19 /* LaunchScreen.xib in Resources */ = {isa = PBXBuildFile; fileRef = 5B59A7F71B11550A00568F19 /* LaunchScreen.xib */; };
		5B59A8051B11550A00568F19 /* MoneyTextField_ExampleTests.swift in Sources */ = {isa = PBXBuildFile; fileRef = 5B59A8041B11550A00568F19 /* MoneyTextField_ExampleTests.swift */; };
		5B59A80E1B11551E00568F19 /* MoneyTextField.swift in Sources */ = {isa = PBXBuildFile; fileRef = 5B59A80D1B11551E00568F19 /* MoneyTextField.swift */; };
/* End PBXBuildFile section */

/* Begin PBXContainerItemProxy section */
		5B59A7FF1B11550A00568F19 /* PBXContainerItemProxy */ = {
			isa = PBXContainerItemProxy;
			containerPortal = 5B59A7B91B1154D400568F19 /* Project object */;
			proxyType = 1;
			remoteGlobalIDString = 5B59A7E91B11550A00568F19;
			remoteInfo = "MoneyTextField Example";
		};
/* End PBXContainerItemProxy section */

/* Begin PBXFileReference section */
		5B19CD441B1DDF8000A2C450 /* LocaleViewController.swift */ = {isa = PBXFileReference; fileEncoding = 4; lastKnownFileType = sourcecode.swift; path = LocaleViewController.swift; sourceTree = "<group>"; };
		5B59A7EA1B11550A00568F19 /* MoneyTextField Example.app */ = {isa = PBXFileReference; explicitFileType = wrapper.application; includeInIndex = 0; path = "MoneyTextField Example.app"; sourceTree = BUILT_PRODUCTS_DIR; };
		5B59A7ED1B11550A00568F19 /* Info.plist */ = {isa = PBXFileReference; lastKnownFileType = text.plist.xml; path = Info.plist; sourceTree = "<group>"; };
		5B59A7EE1B11550A00568F19 /* AppDelegate.swift */ = {isa = PBXFileReference; lastKnownFileType = sourcecode.swift; path = AppDelegate.swift; sourceTree = "<group>"; };
		5B59A7F01B11550A00568F19 /* ViewController.swift */ = {isa = PBXFileReference; lastKnownFileType = sourcecode.swift; path = ViewController.swift; sourceTree = "<group>"; };
		5B59A7F31B11550A00568F19 /* Base */ = {isa = PBXFileReference; lastKnownFileType = file.storyboard; name = Base; path = Base.lproj/Main.storyboard; sourceTree = "<group>"; };
		5B59A7F51B11550A00568F19 /* Images.xcassets */ = {isa = PBXFileReference; lastKnownFileType = folder.assetcatalog; path = Images.xcassets; sourceTree = "<group>"; };
		5B59A7F81B11550A00568F19 /* Base */ = {isa = PBXFileReference; lastKnownFileType = file.xib; name = Base; path = Base.lproj/LaunchScreen.xib; sourceTree = "<group>"; };
		5B59A7FE1B11550A00568F19 /* MoneyTextField ExampleTests.xctest */ = {isa = PBXFileReference; explicitFileType = wrapper.cfbundle; includeInIndex = 0; path = "MoneyTextField ExampleTests.xctest"; sourceTree = BUILT_PRODUCTS_DIR; };
		5B59A8031B11550A00568F19 /* Info.plist */ = {isa = PBXFileReference; lastKnownFileType = text.plist.xml; path = Info.plist; sourceTree = "<group>"; };
		5B59A8041B11550A00568F19 /* MoneyTextField_ExampleTests.swift */ = {isa = PBXFileReference; lastKnownFileType = sourcecode.swift; path = MoneyTextField_ExampleTests.swift; sourceTree = "<group>"; };
		5B59A80D1B11551E00568F19 /* MoneyTextField.swift */ = {isa = PBXFileReference; fileEncoding = 4; lastKnownFileType = sourcecode.swift; path = MoneyTextField.swift; sourceTree = "<group>"; };
/* End PBXFileReference section */

/* Begin PBXFrameworksBuildPhase section */
		5B59A7E71B11550A00568F19 /* Frameworks */ = {
			isa = PBXFrameworksBuildPhase;
			buildActionMask = 2147483647;
			files = (
			);
			runOnlyForDeploymentPostprocessing = 0;
		};
		5B59A7FB1B11550A00568F19 /* Frameworks */ = {
			isa = PBXFrameworksBuildPhase;
			buildActionMask = 2147483647;
			files = (
			);
			runOnlyForDeploymentPostprocessing = 0;
		};
/* End PBXFrameworksBuildPhase section */

/* Begin PBXGroup section */
		5B59A7B81B1154D400568F19 = {
			isa = PBXGroup;
			children = (
				5B59A80D1B11551E00568F19 /* MoneyTextField.swift */,
				5B59A7EB1B11550A00568F19 /* MoneyTextField Example */,
				5B59A8011B11550A00568F19 /* MoneyTextField ExampleTests */,
				5B59A7C21B1154D400568F19 /* Products */,
			);
			sourceTree = "<group>";
		};
		5B59A7C21B1154D400568F19 /* Products */ = {
			isa = PBXGroup;
			children = (
				5B59A7EA1B11550A00568F19 /* MoneyTextField Example.app */,
				5B59A7FE1B11550A00568F19 /* MoneyTextField ExampleTests.xctest */,
			);
			name = Products;
			sourceTree = "<group>";
		};
		5B59A7EB1B11550A00568F19 /* MoneyTextField Example */ = {
			isa = PBXGroup;
			children = (
				5B59A7EE1B11550A00568F19 /* AppDelegate.swift */,
				5B59A7F01B11550A00568F19 /* ViewController.swift */,
				5B59A7F21B11550A00568F19 /* Main.storyboard */,
				5B59A7F51B11550A00568F19 /* Images.xcassets */,
				5B59A7F71B11550A00568F19 /* LaunchScreen.xib */,
				5B59A7EC1B11550A00568F19 /* Supporting Files */,
				5B19CD441B1DDF8000A2C450 /* LocaleViewController.swift */,
			);
			path = "MoneyTextField Example";
			sourceTree = "<group>";
		};
		5B59A7EC1B11550A00568F19 /* Supporting Files */ = {
			isa = PBXGroup;
			children = (
				5B59A7ED1B11550A00568F19 /* Info.plist */,
			);
			name = "Supporting Files";
			sourceTree = "<group>";
		};
		5B59A8011B11550A00568F19 /* MoneyTextField ExampleTests */ = {
			isa = PBXGroup;
			children = (
				5B59A8041B11550A00568F19 /* MoneyTextField_ExampleTests.swift */,
				5B59A8021B11550A00568F19 /* Supporting Files */,
			);
			path = "MoneyTextField ExampleTests";
			sourceTree = "<group>";
		};
		5B59A8021B11550A00568F19 /* Supporting Files */ = {
			isa = PBXGroup;
			children = (
				5B59A8031B11550A00568F19 /* Info.plist */,
			);
			name = "Supporting Files";
			sourceTree = "<group>";
		};
/* End PBXGroup section */

/* Begin PBXNativeTarget section */
		5B59A7E91B11550A00568F19 /* MoneyTextField Example */ = {
			isa = PBXNativeTarget;
			buildConfigurationList = 5B59A8061B11550A00568F19 /* Build configuration list for PBXNativeTarget "MoneyTextField Example" */;
			buildPhases = (
				5B59A7E61B11550A00568F19 /* Sources */,
				5B59A7E71B11550A00568F19 /* Frameworks */,
				5B59A7E81B11550A00568F19 /* Resources */,
			);
			buildRules = (
			);
			dependencies = (
			);
			name = "MoneyTextField Example";
			productName = "MoneyTextField Example";
			productReference = 5B59A7EA1B11550A00568F19 /* MoneyTextField Example.app */;
			productType = "com.apple.product-type.application";
		};
		5B59A7FD1B11550A00568F19 /* MoneyTextField ExampleTests */ = {
			isa = PBXNativeTarget;
			buildConfigurationList = 5B59A8091B11550A00568F19 /* Build configuration list for PBXNativeTarget "MoneyTextField ExampleTests" */;
			buildPhases = (
				5B59A7FA1B11550A00568F19 /* Sources */,
				5B59A7FB1B11550A00568F19 /* Frameworks */,
				5B59A7FC1B11550A00568F19 /* Resources */,
			);
			buildRules = (
			);
			dependencies = (
				5B59A8001B11550A00568F19 /* PBXTargetDependency */,
			);
			name = "MoneyTextField ExampleTests";
			productName = "MoneyTextField ExampleTests";
			productReference = 5B59A7FE1B11550A00568F19 /* MoneyTextField ExampleTests.xctest */;
			productType = "com.apple.product-type.bundle.unit-test";
		};
/* End PBXNativeTarget section */

/* Begin PBXProject section */
		5B59A7B91B1154D400568F19 /* Project object */ = {
			isa = PBXProject;
			attributes = {
				LastUpgradeCheck = 0630;
				ORGANIZATIONNAME = "Adam Hartford";
				TargetAttributes = {
					5B59A7E91B11550A00568F19 = {
						CreatedOnToolsVersion = 6.3.2;
					};
					5B59A7FD1B11550A00568F19 = {
						CreatedOnToolsVersion = 6.3.2;
						TestTargetID = 5B59A7E91B11550A00568F19;
					};
				};
			};
			buildConfigurationList = 5B59A7BC1B1154D400568F19 /* Build configuration list for PBXProject "MoneyTextField" */;
			compatibilityVersion = "Xcode 3.2";
			developmentRegion = English;
			hasScannedForEncodings = 0;
			knownRegions = (
				en,
				Base,
			);
			mainGroup = 5B59A7B81B1154D400568F19;
			productRefGroup = 5B59A7C21B1154D400568F19 /* Products */;
			projectDirPath = "";
			projectRoot = "";
			targets = (
				5B59A7E91B11550A00568F19 /* MoneyTextField Example */,
				5B59A7FD1B11550A00568F19 /* MoneyTextField ExampleTests */,
			);
		};
/* End PBXProject section */

/* Begin PBXResourcesBuildPhase section */
		5B59A7E81B11550A00568F19 /* Resources */ = {
			isa = PBXResourcesBuildPhase;
			buildActionMask = 2147483647;
			files = (
				5B59A7F41B11550A00568F19 /* Main.storyboard in Resources */,
				5B59A7F91B11550A00568F19 /* LaunchScreen.xib in Resources */,
				5B59A7F61B11550A00568F19 /* Images.xcassets in Resources */,
			);
			runOnlyForDeploymentPostprocessing = 0;
		};
		5B59A7FC1B11550A00568F19 /* Resources */ = {
			isa = PBXResourcesBuildPhase;
			buildActionMask = 2147483647;
			files = (
			);
			runOnlyForDeploymentPostprocessing = 0;
		};
/* End PBXResourcesBuildPhase section */

/* Begin PBXSourcesBuildPhase section */
		5B59A7E61B11550A00568F19 /* Sources */ = {
			isa = PBXSourcesBuildPhase;
			buildActionMask = 2147483647;
			files = (
				5B19CD451B1DDF8000A2C450 /* LocaleViewController.swift in Sources */,
				5B59A7F11B11550A00568F19 /* ViewController.swift in Sources */,
				5B59A7EF1B11550A00568F19 /* AppDelegate.swift in Sources */,
				5B59A80E1B11551E00568F19 /* MoneyTextField.swift in Sources */,
			);
			runOnlyForDeploymentPostprocessing = 0;
		};
		5B59A7FA1B11550A00568F19 /* Sources */ = {
			isa = PBXSourcesBuildPhase;
			buildActionMask = 2147483647;
			files = (
				5B59A8051B11550A00568F19 /* MoneyTextField_ExampleTests.swift in Sources */,
			);
			runOnlyForDeploymentPostprocessing = 0;
		};
/* End PBXSourcesBuildPhase section */

/* Begin PBXTargetDependency section */
		5B59A8001B11550A00568F19 /* PBXTargetDependency */ = {
			isa = PBXTargetDependency;
			target = 5B59A7E91B11550A00568F19 /* MoneyTextField Example */;
			targetProxy = 5B59A7FF1B11550A00568F19 /* PBXContainerItemProxy */;
		};
/* End PBXTargetDependency section */

/* Begin PBXVariantGroup section */
		5B59A7F21B11550A00568F19 /* Main.storyboard */ = {
			isa = PBXVariantGroup;
			children = (
				5B59A7F31B11550A00568F19 /* Base */,
			);
			name = Main.storyboard;
			sourceTree = "<group>";
		};
		5B59A7F71B11550A00568F19 /* LaunchScreen.xib */ = {
			isa = PBXVariantGroup;
			children = (
				5B59A7F81B11550A00568F19 /* Base */,
			);
			name = LaunchScreen.xib;
			sourceTree = "<group>";
		};
/* End PBXVariantGroup section */

/* Begin XCBuildConfiguration section */
		5B59A7DE1B1154D500568F19 /* Debug */ = {
			isa = XCBuildConfiguration;
			buildSettings = {
				ALWAYS_SEARCH_USER_PATHS = NO;
				CLANG_CXX_LANGUAGE_STANDARD = "gnu++0x";
				CLANG_CXX_LIBRARY = "libc++";
				CLANG_ENABLE_MODULES = YES;
				CLANG_ENABLE_OBJC_ARC = YES;
				CLANG_WARN_BOOL_CONVERSION = YES;
				CLANG_WARN_CONSTANT_CONVERSION = YES;
				CLANG_WARN_DIRECT_OBJC_ISA_USAGE = YES_ERROR;
				CLANG_WARN_EMPTY_BODY = YES;
				CLANG_WARN_ENUM_CONVERSION = YES;
				CLANG_WARN_INT_CONVERSION = YES;
				CLANG_WARN_OBJC_ROOT_CLASS = YES_ERROR;
				CLANG_WARN_UNREACHABLE_CODE = YES;
				CLANG_WARN__DUPLICATE_METHOD_MATCH = YES;
				"CODE_SIGN_IDENTITY[sdk=iphoneos*]" = "iPhone Developer";
				COPY_PHASE_STRIP = NO;
				DEBUG_INFORMATION_FORMAT = "dwarf-with-dsym";
				ENABLE_STRICT_OBJC_MSGSEND = YES;
				GCC_C_LANGUAGE_STANDARD = gnu99;
				GCC_DYNAMIC_NO_PIC = NO;
				GCC_NO_COMMON_BLOCKS = YES;
				GCC_OPTIMIZATION_LEVEL = 0;
				GCC_PREPROCESSOR_DEFINITIONS = (
					"DEBUG=1",
					"$(inherited)",
				);
				GCC_SYMBOLS_PRIVATE_EXTERN = NO;
				GCC_WARN_64_TO_32_BIT_CONVERSION = YES;
				GCC_WARN_ABOUT_RETURN_TYPE = YES_ERROR;
				GCC_WARN_UNDECLARED_SELECTOR = YES;
				GCC_WARN_UNINITIALIZED_AUTOS = YES_AGGRESSIVE;
				GCC_WARN_UNUSED_FUNCTION = YES;
				GCC_WARN_UNUSED_VARIABLE = YES;
				IPHONEOS_DEPLOYMENT_TARGET = 8.3;
				MTL_ENABLE_DEBUG_INFO = YES;
				ONLY_ACTIVE_ARCH = YES;
				SDKROOT = iphoneos;
				SWIFT_OPTIMIZATION_LEVEL = "-Onone";
				TARGETED_DEVICE_FAMILY = "1,2";
			};
			name = Debug;
		};
		5B59A7DF1B1154D500568F19 /* Release */ = {
			isa = XCBuildConfiguration;
			buildSettings = {
				ALWAYS_SEARCH_USER_PATHS = NO;
				CLANG_CXX_LANGUAGE_STANDARD = "gnu++0x";
				CLANG_CXX_LIBRARY = "libc++";
				CLANG_ENABLE_MODULES = YES;
				CLANG_ENABLE_OBJC_ARC = YES;
				CLANG_WARN_BOOL_CONVERSION = YES;
				CLANG_WARN_CONSTANT_CONVERSION = YES;
				CLANG_WARN_DIRECT_OBJC_ISA_USAGE = YES_ERROR;
				CLANG_WARN_EMPTY_BODY = YES;
				CLANG_WARN_ENUM_CONVERSION = YES;
				CLANG_WARN_INT_CONVERSION = YES;
				CLANG_WARN_OBJC_ROOT_CLASS = YES_ERROR;
				CLANG_WARN_UNREACHABLE_CODE = YES;
				CLANG_WARN__DUPLICATE_METHOD_MATCH = YES;
				"CODE_SIGN_IDENTITY[sdk=iphoneos*]" = "iPhone Developer";
				COPY_PHASE_STRIP = NO;
				DEBUG_INFORMATION_FORMAT = "dwarf-with-dsym";
				ENABLE_NS_ASSERTIONS = NO;
				ENABLE_STRICT_OBJC_MSGSEND = YES;
				GCC_C_LANGUAGE_STANDARD = gnu99;
				GCC_NO_COMMON_BLOCKS = YES;
				GCC_WARN_64_TO_32_BIT_CONVERSION = YES;
				GCC_WARN_ABOUT_RETURN_TYPE = YES_ERROR;
				GCC_WARN_UNDECLARED_SELECTOR = YES;
				GCC_WARN_UNINITIALIZED_AUTOS = YES_AGGRESSIVE;
				GCC_WARN_UNUSED_FUNCTION = YES;
				GCC_WARN_UNUSED_VARIABLE = YES;
				IPHONEOS_DEPLOYMENT_TARGET = 8.3;
				MTL_ENABLE_DEBUG_INFO = NO;
				SDKROOT = iphoneos;
				TARGETED_DEVICE_FAMILY = "1,2";
				VALIDATE_PRODUCT = YES;
			};
			name = Release;
		};
		5B59A8071B11550A00568F19 /* Debug */ = {
			isa = XCBuildConfiguration;
			buildSettings = {
				ASSETCATALOG_COMPILER_APPICON_NAME = AppIcon;
				GCC_PREPROCESSOR_DEFINITIONS = (
					"DEBUG=1",
					"$(inherited)",
				);
				INFOPLIST_FILE = "MoneyTextField Example/Info.plist";
				LD_RUNPATH_SEARCH_PATHS = "$(inherited) @executable_path/Frameworks";
				PRODUCT_NAME = "$(TARGET_NAME)";
			};
			name = Debug;
		};
		5B59A8081B11550A00568F19 /* Release */ = {
			isa = XCBuildConfiguration;
			buildSettings = {
				ASSETCATALOG_COMPILER_APPICON_NAME = AppIcon;
				INFOPLIST_FILE = "MoneyTextField Example/Info.plist";
				LD_RUNPATH_SEARCH_PATHS = "$(inherited) @executable_path/Frameworks";
				PRODUCT_NAME = "$(TARGET_NAME)";
			};
			name = Release;
		};
		5B59A80A1B11550A00568F19 /* Debug */ = {
			isa = XCBuildConfiguration;
			buildSettings = {
				BUNDLE_LOADER = "$(TEST_HOST)";
				FRAMEWORK_SEARCH_PATHS = (
					"$(SDKROOT)/Developer/Library/Frameworks",
					"$(inherited)",
				);
				GCC_PREPROCESSOR_DEFINITIONS = (
					"DEBUG=1",
					"$(inherited)",
				);
				INFOPLIST_FILE = "MoneyTextField ExampleTests/Info.plist";
				LD_RUNPATH_SEARCH_PATHS = "$(inherited) @executable_path/Frameworks @loader_path/Frameworks";
				PRODUCT_NAME = "$(TARGET_NAME)";
				TEST_HOST = "$(BUILT_PRODUCTS_DIR)/MoneyTextField Example.app/MoneyTextField Example";
			};
			name = Debug;
		};
		5B59A80B1B11550A00568F19 /* Release */ = {
			isa = XCBuildConfiguration;
			buildSettings = {
				BUNDLE_LOADER = "$(TEST_HOST)";
				FRAMEWORK_SEARCH_PATHS = (
					"$(SDKROOT)/Developer/Library/Frameworks",
					"$(inherited)",
				);
				INFOPLIST_FILE = "MoneyTextField ExampleTests/Info.plist";
				LD_RUNPATH_SEARCH_PATHS = "$(inherited) @executable_path/Frameworks @loader_path/Frameworks";
				PRODUCT_NAME = "$(TARGET_NAME)";
				TEST_HOST = "$(BUILT_PRODUCTS_DIR)/MoneyTextField Example.app/MoneyTextField Example";
			};
			name = Release;
		};
/* End XCBuildConfiguration section */

/* Begin XCConfigurationList section */
		5B59A7BC1B1154D400568F19 /* Build configuration list for PBXProject "MoneyTextField" */ = {
			isa = XCConfigurationList;
			buildConfigurations = (
				5B59A7DE1B1154D500568F19 /* Debug */,
				5B59A7DF1B1154D500568F19 /* Release */,
			);
			defaultConfigurationIsVisible = 0;
			defaultConfigurationName = Release;
		};
		5B59A8061B11550A00568F19 /* Build configuration list for PBXNativeTarget "MoneyTextField Example" */ = {
			isa = XCConfigurationList;
			buildConfigurations = (
				5B59A8071B11550A00568F19 /* Debug */,
				5B59A8081B11550A00568F19 /* Release */,
			);
			defaultConfigurationIsVisible = 0;
			defaultConfigurationName = Release;
		};
		5B59A8091B11550A00568F19 /* Build configuration list for PBXNativeTarget "MoneyTextField ExampleTests" */ = {
			isa = XCConfigurationList;
			buildConfigurations = (
				5B59A80A1B11550A00568F19 /* Debug */,
				5B59A80B1B11550A00568F19 /* Release */,
			);
			defaultConfigurationIsVisible = 0;
			defaultConfigurationName = Release;
		};
/* End XCConfigurationList section */
	};
	rootObject = 5B59A7B91B1154D400568F19 /* Project object */;
}
